
Microsoft Visual Studio Solution File, Format Version 12.00
# Visual Studio Version 17
VisualStudioVersion = 17.5.002.0
MinimumVisualStudioVersion = 10.0.40219.1
Project("{9A19103F-16F7-4668-BE54-9A1E7A4F7556}") = "TodoApi", "TodoApi.csproj", "{0C8ED73A-E4B6-44C6-B7BF-DCDF1B2AD36F}"
EndProject
Global
	GlobalSection(SolutionConfigurationPlatforms) = preSolution
		Debug|Any CPU = Debug|Any CPU
		Release|Any CPU = Release|Any CPU
	EndGlobalSection
	GlobalSection(ProjectConfigurationPlatforms) = postSolution
		{0C8ED73A-E4B6-44C6-B7BF-DCDF1B2AD36F}.Debug|Any CPU.ActiveCfg = Debug|Any CPU
		{0C8ED73A-E4B6-44C6-B7BF-DCDF1B2AD36F}.Debug|Any CPU.Build.0 = Debug|Any CPU
		{0C8ED73A-E4B6-44C6-B7BF-DCDF1B2AD36F}.Release|Any CPU.ActiveCfg = Release|Any CPU
		{0C8ED73A-E4B6-44C6-B7BF-DCDF1B2AD36F}.Release|Any CPU.Build.0 = Release|Any CPU
	EndGlobalSection
	GlobalSection(SolutionProperties) = preSolution
		HideSolutionNode = FALSE
	EndGlobalSection
	GlobalSection(ExtensibilityGlobals) = postSolution
		SolutionGuid = {FE477BB2-9679-49F6-B1E8-0B48B3B9D143}
	EndGlobalSection
EndGlobal
